
Microsoft Visual Studio Solution File, Format Version 12.00
# Visual Studio 15
VisualStudioVersion = 15.0.26730.3
MinimumVisualStudioVersion = 10.0.40219.1
Project("{8BC9CEB8-8B4A-11D0-8D11-00A0C91BC942}") = "GL_Template", "GL_Template.vcxproj", "{F6DD60FB-C5DD-45B5-8DA0-626FE0210ACB}"
EndProject
Global
	GlobalSection(SolutionConfigurationPlatforms) = preSolution
		Engine-Debug|x64 = Engine-Debug|x64
		Engine-Debug|x86 = Engine-Debug|x86
		Engine-Release|x64 = Engine-Release|x64
		Engine-Release|x86 = Engine-Release|x86
		Tools-SHExtractor|x64 = Tools-SHExtractor|x64
		Tools-SHExtractor|x86 = Tools-SHExtractor|x86
	EndGlobalSection
	GlobalSection(ProjectConfigurationPlatforms) = postSolution
		{F6DD60FB-C5DD-45B5-8DA0-626FE0210ACB}.Engine-Debug|x64.ActiveCfg = Debug|x64
		{F6DD60FB-C5DD-45B5-8DA0-626FE0210ACB}.Engine-Debug|x64.Build.0 = Debug|x64
		{F6DD60FB-C5DD-45B5-8DA0-626FE0210ACB}.Engine-Debug|x86.ActiveCfg = Debug|Win32
		{F6DD60FB-C5DD-45B5-8DA0-626FE0210ACB}.Engine-Debug|x86.Build.0 = Debug|Win32
		{F6DD60FB-C5DD-45B5-8DA0-626FE0210ACB}.Engine-Release|x64.ActiveCfg = Release|x64
		{F6DD60FB-C5DD-45B5-8DA0-626FE0210ACB}.Engine-Release|x64.Build.0 = Release|x64
		{F6DD60FB-C5DD-45B5-8DA0-626FE0210ACB}.Engine-Release|x86.ActiveCfg = Release|Win32
		{F6DD60FB-C5DD-45B5-8DA0-626FE0210ACB}.Engine-Release|x86.Build.0 = Release|Win32
		{F6DD60FB-C5DD-45B5-8DA0-626FE0210ACB}.Tools-SHExtractor|x64.ActiveCfg = Tools-SHExtractor|x64
		{F6DD60FB-C5DD-45B5-8DA0-626FE0210ACB}.Tools-SHExtractor|x64.Build.0 = Tools-SHExtractor|x64
		{F6DD60FB-C5DD-45B5-8DA0-626FE0210ACB}.Tools-SHExtractor|x86.ActiveCfg = Tools-SHExtractor|Win32
		{F6DD60FB-C5DD-45B5-8DA0-626FE0210ACB}.Tools-SHExtractor|x86.Build.0 = Tools-SHExtractor|Win32
	EndGlobalSection
	GlobalSection(SolutionProperties) = preSolution
		HideSolutionNode = FALSE
	EndGlobalSection
	GlobalSection(ExtensibilityGlobals) = postSolution
		SolutionGuid = {2834B9CA-68BD-48C3-85F8-527E9D5CE5F2}
	EndGlobalSection
EndGlobal
