<?xml version="1.0" encoding="utf-8"?>
<Project ToolsVersion="4.0" xmlns="http://schemas.microsoft.com/developer/msbuild/2003">
  <ItemGroup>
    <Filter Include="Source Files">
      <UniqueIdentifier>{4FC737F1-C7A5-4376-A066-2A32D752A2FF}</UniqueIdentifier>
      <Extensions>cpp;c;cc;cxx;def;odl;idl;hpj;bat;asm;asmx</Extensions>
    </Filter>
    <Filter Include="Resource Files">
      <UniqueIdentifier>{67DA6AB6-F800-4c08-8B7A-83BB121AAD01}</UniqueIdentifier>
      <Extensions>rc;ico;cur;bmp;dlg;rc2;rct;bin;rgs;gif;jpg;jpeg;jpe;resx;tiff;tif;png;wav;mfcribbon-ms</Extensions>
    </Filter>
    <Filter Include="Source Files\helpers">
      <UniqueIdentifier>{318262b6-adc0-4baa-a274-6c4d318820b1}</UniqueIdentifier>
    </Filter>
    <Filter Include="Source Files\lights">
      <UniqueIdentifier>{ceb99fe5-21ae-4979-8e86-e4e8feb1fe8a}</UniqueIdentifier>
    </Filter>
    <Filter Include="Resource Files\gbuffer">
      <UniqueIdentifier>{b86dc32b-7a33-4482-b9af-6454a0e2815d}</UniqueIdentifier>
    </Filter>
    <Filter Include="Resource Files\screens">
      <UniqueIdentifier>{dddd6d62-48e0-4931-9def-b9020685165e}</UniqueIdentifier>
    </Filter>
    <Filter Include="Resource Files\lights">
      <UniqueIdentifier>{234e667f-2939-4d5a-98fe-770ecd924a1c}</UniqueIdentifier>
    </Filter>
    <Filter Include="Source Files\libs">
      <UniqueIdentifier>{022dfdaf-a21f-4749-8160-eb46aa1fca27}</UniqueIdentifier>
    </Filter>
    <Filter Include="Source Files\libs\gl3w">
      <UniqueIdentifier>{3a188a85-59e0-4bd6-a559-e3030e24b4ac}</UniqueIdentifier>
    </Filter>
    <Filter Include="Source Files\libs\glm">
      <UniqueIdentifier>{afcfafd5-2d3d-475b-9b07-54d6d546c654}</UniqueIdentifier>
    </Filter>
    <Filter Include="Source Files\libs\stb_image">
      <UniqueIdentifier>{20ca2e9c-8594-4b3c-800a-e13460f8f962}</UniqueIdentifier>
    </Filter>
    <Filter Include="Source Files\libs\tinydir">
      <UniqueIdentifier>{cfe063bb-5d3b-4fae-9b5e-d4047e1041cf}</UniqueIdentifier>
    </Filter>
    <Filter Include="Source Files\libs\tinyexr">
      <UniqueIdentifier>{ddb0355c-e5ad-41d6-bea8-9d2939da56ff}</UniqueIdentifier>
    </Filter>
    <Filter Include="Resource Files\objects">
      <UniqueIdentifier>{9a11aa7e-b3e2-4849-9b19-426a752d846b}</UniqueIdentifier>
    </Filter>
    <Filter Include="Resource Files\screens\blur-combine">
      <UniqueIdentifier>{2044fbdc-33a8-4f62-94b1-28c1faaaf4e4}</UniqueIdentifier>
    </Filter>
    <Filter Include="Resource Files\screens\box-blur">
      <UniqueIdentifier>{0ee90eb8-d320-4142-8b29-1140e283d56c}</UniqueIdentifier>
    </Filter>
    <Filter Include="Source Files\scenes">
      <UniqueIdentifier>{ba940cdc-91e0-4748-b260-4e737d4a91f8}</UniqueIdentifier>
    </Filter>
    <Filter Include="Resource Files\utils">
      <UniqueIdentifier>{b905861f-b8c0-4475-82f9-e257a467e450}</UniqueIdentifier>
    </Filter>
    <Filter Include="Source Files\input">
      <UniqueIdentifier>{3029502e-777a-4a25-96a9-23b2bce3e715}</UniqueIdentifier>
    </Filter>
    <Filter Include="Source Files\renderers">
      <UniqueIdentifier>{bcdf2d9d-5355-48a2-9211-88cc7f7bab95}</UniqueIdentifier>
    </Filter>
    <Filter Include="Source Files\renderers\deferred">
      <UniqueIdentifier>{921e656a-86ea-432b-8942-2c07f0cca28e}</UniqueIdentifier>
    </Filter>
    <Filter Include="Source Files\renderers\utils">
      <UniqueIdentifier>{3f63231d-e171-43c4-bb3e-9b7a5f2adb23}</UniqueIdentifier>
    </Filter>
    <Filter Include="Source Files\tools">
      <UniqueIdentifier>{51d2dadf-05a8-4b1d-86ca-13845cd74e77}</UniqueIdentifier>
    </Filter>
    <Filter Include="Source Files\resources">
      <UniqueIdentifier>{064170d4-a07a-4410-ad4f-418dcd57c6fd}</UniqueIdentifier>
    </Filter>
    <Filter Include="Source Files\libs\miniz">
      <UniqueIdentifier>{46f6aab2-d723-4c2f-a285-6435e4009282}</UniqueIdentifier>
    </Filter>
  </ItemGroup>
  <ItemGroup>
    <ClCompile Include="src\helpers\GLUtilities.cpp">
      <Filter>Source Files\helpers</Filter>
    </ClCompile>
    <ClCompile Include="src\helpers\ProgramInfos.cpp">
      <Filter>Source Files\helpers</Filter>
    </ClCompile>
    <ClCompile Include="src\helpers\GenerationUtilities.cpp">
      <Filter>Source Files\helpers</Filter>
    </ClCompile>
    <ClCompile Include="src\lights\PointLight.cpp">
      <Filter>Source Files\lights</Filter>
    </ClCompile>
    <ClCompile Include="src\lights\DirectionalLight.cpp">
      <Filter>Source Files\lights</Filter>
    </ClCompile>
    <ClCompile Include="src\libs\gl3w\gl3w.cpp">
      <Filter>Source Files\libs\gl3w</Filter>
    </ClCompile>
    <ClCompile Include="src\input\Input.cpp">
      <Filter>Source Files\input</Filter>
    </ClCompile>
    <ClCompile Include="src\input\Camera.cpp">
      <Filter>Source Files\input</Filter>
    </ClCompile>
    <ClCompile Include="src\input\Joystick.cpp">
      <Filter>Source Files\input</Filter>
    </ClCompile>
    <ClCompile Include="src\Framebuffer.cpp">
      <Filter>Source Files</Filter>
    </ClCompile>
    <ClCompile Include="src\Object.cpp">
      <Filter>Source Files</Filter>
    </ClCompile>
    <ClCompile Include="src\ScreenQuad.cpp">
      <Filter>Source Files</Filter>
    </ClCompile>
    <ClCompile Include="src\Blur.cpp">
      <Filter>Source Files</Filter>
    </ClCompile>
    <ClCompile Include="src\Config.cpp">
      <Filter>Source Files</Filter>
    </ClCompile>
    <ClCompile Include="src\renderers\deferred\AmbientQuad.cpp">
      <Filter>Source Files\renderers\deferred</Filter>
    </ClCompile>
    <ClCompile Include="src\renderers\deferred\DeferredRenderer.cpp">
      <Filter>Source Files\renderers\deferred</Filter>
    </ClCompile>
    <ClCompile Include="src\renderers\deferred\Gbuffer.cpp">
      <Filter>Source Files\renderers\deferred</Filter>
    </ClCompile>
    <ClCompile Include="src\renderers\Renderer.cpp">
      <Filter>Source Files\renderers</Filter>
    </ClCompile>
    <ClCompile Include="src\renderers\utils\RendererCube.cpp">
      <Filter>Source Files\renderers\utils</Filter>
    </ClCompile>
    <ClCompile Include="src\renderers\utils\Renderer2D.cpp">
      <Filter>Source Files\renderers\utils</Filter>
    </ClCompile>
    <ClCompile Include="src\tools\SHExtractor.cpp">
      <Filter>Source Files\tools</Filter>
    </ClCompile>
    <ClCompile Include="src\main.cpp">
      <Filter>Source Files</Filter>
    </ClCompile>
    <ClCompile Include="src\GaussianBlur.cpp">
      <Filter>Source Files</Filter>
    </ClCompile>
    <ClCompile Include="src\BoxBlur.cpp">
      <Filter>Source Files</Filter>
    </ClCompile>
    <ClCompile Include="src\helpers\Logger.cpp">
      <Filter>Source Files\helpers</Filter>
    </ClCompile>
    <ClCompile Include="src\resources\ResourcesManager.cpp">
      <Filter>Source Files\resources</Filter>
    </ClCompile>
    <ClCompile Include="src\resources\ImageUtilities.cpp">
      <Filter>Source Files\resources</Filter>
    </ClCompile>
    <ClCompile Include="src\resources\MeshUtilities.cpp">
      <Filter>Source Files\resources</Filter>
    </ClCompile>
    <ClCompile Include="src\libs\miniz\miniz.cpp">
      <Filter>Source Files\libs\miniz</Filter>
    </ClCompile>
  </ItemGroup>
  <ItemGroup>
    <ClInclude Include="src\libs\gl3w\gl3w.h">
      <Filter>Source Files\libs\gl3w</Filter>
    </ClInclude>
    <ClInclude Include="src\libs\gl3w\glcorearb.h">
      <Filter>Source Files\libs\gl3w</Filter>
    </ClInclude>
    <ClInclude Include="src\libs\stb_image\stb_image.h">
      <Filter>Source Files\libs\stb_image</Filter>
    </ClInclude>
    <ClInclude Include="src\libs\tinydir\tinydir.h">
      <Filter>Source Files\libs\tinydir</Filter>
    </ClInclude>
    <ClInclude Include="src\libs\glm\glm.hpp">
      <Filter>Source Files\libs\glm</Filter>
    </ClInclude>
    <ClInclude Include="src\libs\tinyexr\tinyexr.h">
      <Filter>Source Files\libs\tinyexr</Filter>
    </ClInclude>
    <ClInclude Include="src\input\Input.hpp">
      <Filter>Source Files\input</Filter>
    </ClInclude>
    <ClInclude Include="src\lights\Light.hpp">
      <Filter>Source Files\lights</Filter>
    </ClInclude>
    <ClInclude Include="src\lights\PointLight.hpp">
      <Filter>Source Files\lights</Filter>
    </ClInclude>
    <ClInclude Include="src\lights\DirectionalLight.hpp">
      <Filter>Source Files\lights</Filter>
    </ClInclude>
    <ClInclude Include="src\input\Joystick.hpp">
      <Filter>Source Files\input</Filter>
    </ClInclude>
    <ClInclude Include="src\input\Camera.hpp">
      <Filter>Source Files\input</Filter>
    </ClInclude>
    <ClInclude Include="src\helpers\ProgramInfos.hpp">
      <Filter>Source Files\helpers</Filter>
    </ClInclude>
    <ClInclude Include="src\helpers\GenerationUtilities.hpp">
      <Filter>Source Files\helpers</Filter>
    </ClInclude>
    <ClInclude Include="src\helpers\GLUtilities.hpp">
      <Filter>Source Files\helpers</Filter>
    </ClInclude>
    <ClInclude Include="src\scenes\DragonScene.hpp">
      <Filter>Source Files\scenes</Filter>
    </ClInclude>
    <ClInclude Include="src\scenes\Scene.hpp">
      <Filter>Source Files\scenes</Filter>
    </ClInclude>
    <ClInclude Include="src\scenes\Scenes.hpp">
      <Filter>Source Files\scenes</Filter>
    </ClInclude>
    <ClInclude Include="src\scenes\SphereScene.hpp">
      <Filter>Source Files\scenes</Filter>
    </ClInclude>
    <ClInclude Include="src\scenes\DeskScene.hpp">
      <Filter>Source Files\scenes</Filter>
    </ClInclude>
    <ClInclude Include="src\Config.hpp">
      <Filter>Source Files</Filter>
    </ClInclude>
    <ClInclude Include="src\Framebuffer.hpp">
      <Filter>Source Files</Filter>
    </ClInclude>
    <ClInclude Include="src\Object.hpp">
      <Filter>Source Files</Filter>
    </ClInclude>
    <ClInclude Include="src\ScreenQuad.hpp">
      <Filter>Source Files</Filter>
    </ClInclude>
    <ClInclude Include="src\Blur.hpp">
      <Filter>Source Files</Filter>
    </ClInclude>
    <ClInclude Include="src\renderers\deferred\AmbientQuad.hpp">
      <Filter>Source Files\renderers\deferred</Filter>
    </ClInclude>
    <ClInclude Include="src\renderers\deferred\DeferredRenderer.hpp">
      <Filter>Source Files\renderers\deferred</Filter>
    </ClInclude>
    <ClInclude Include="src\renderers\deferred\Gbuffer.hpp">
      <Filter>Source Files\renderers\deferred</Filter>
    </ClInclude>
    <ClInclude Include="src\renderers\Renderer.hpp">
      <Filter>Source Files\renderers</Filter>
    </ClInclude>
    <ClInclude Include="src\renderers\utils\RendererCube.hpp">
      <Filter>Source Files\renderers\utils</Filter>
    </ClInclude>
    <ClInclude Include="src\renderers\utils\Renderer2D.hpp">
      <Filter>Source Files\renderers\utils</Filter>
    </ClInclude>
    <ClInclude Include="src\BoxBlur.hpp">
      <Filter>Source Files</Filter>
    </ClInclude>
    <ClInclude Include="src\GaussianBlur.hpp">
      <Filter>Source Files</Filter>
    </ClInclude>
    <ClInclude Include="src\libs\stb_image\stb_image_write.h">
      <Filter>Source Files\libs\stb_image</Filter>
    </ClInclude>
    <ClInclude Include="src\helpers\Logger.hpp">
      <Filter>Source Files\helpers</Filter>
    </ClInclude>
    <ClInclude Include="src\resources\MeshUtilities.hpp">
      <Filter>Source Files\resources</Filter>
    </ClInclude>
    <ClInclude Include="src\resources\ResourcesManager.hpp">
      <Filter>Source Files\resources</Filter>
    </ClInclude>
    <ClInclude Include="src\resources\ImageUtilities.hpp">
      <Filter>Source Files\resources</Filter>
    </ClInclude>
    <ClInclude Include="src\libs\miniz\miniz.h">
      <Filter>Source Files\libs\miniz</Filter>
    </ClInclude>
  </ItemGroup>
  <ItemGroup>
    <None Include="resources\shaders\gbuffer\ssao.frag">
      <Filter>Resource Files\gbuffer</Filter>
    </None>
    <None Include="resources\shaders\gbuffer\ambient.frag">
      <Filter>Resource Files\gbuffer</Filter>
    </None>
    <None Include="resources\shaders\lights\object_depth.vert">
      <Filter>Resource Files\lights</Filter>
    </None>
    <None Include="resources\shaders\lights\point_light.frag">
      <Filter>Resource Files\lights</Filter>
    </None>
    <None Include="resources\shaders\lights\point_light.vert">
      <Filter>Resource Files\lights</Filter>
    </None>
    <None Include="resources\shaders\lights\point_light_debug.frag">
      <Filter>Resource Files\lights</Filter>
    </None>
    <None Include="resources\shaders\lights\point_light_debug.vert">
      <Filter>Resource Files\lights</Filter>
    </None>
    <None Include="resources\shaders\lights\directional_light.frag">
      <Filter>Resource Files\lights</Filter>
    </None>
    <None Include="resources\shaders\lights\object_depth.frag">
      <Filter>Resource Files\lights</Filter>
    </None>
    <None Include="resources\shaders\screens\final_screenquad.frag">
      <Filter>Resource Files\screens</Filter>
    </None>
    <None Include="resources\shaders\screens\fxaa.frag">
      <Filter>Resource Files\screens</Filter>
    </None>
    <None Include="resources\shaders\screens\tonemap.frag">
      <Filter>Resource Files\screens</Filter>
    </None>
    <None Include="resources\shaders\screens\blur.frag">
      <Filter>Resource Files\screens</Filter>
    </None>
    <None Include="resources\shaders\screens\passthrough.frag">
      <Filter>Resource Files\screens</Filter>
    </None>
    <None Include="resources\shaders\screens\passthrough.vert">
      <Filter>Resource Files\screens</Filter>
    </None>
    <None Include="resources\shaders\screens\bloom.frag">
      <Filter>Resource Files\screens</Filter>
    </None>
    <None Include="resources\shaders\objects\parallax_gbuffer.frag">
      <Filter>Resource Files\objects</Filter>
    </None>
    <None Include="resources\shaders\objects\parallax_gbuffer.vert">
      <Filter>Resource Files\objects</Filter>
    </None>
    <None Include="resources\shaders\objects\skybox_gbuffer.frag">
      <Filter>Resource Files\objects</Filter>
    </None>
    <None Include="resources\shaders\objects\skybox_gbuffer.vert">
      <Filter>Resource Files\objects</Filter>
    </None>
    <None Include="resources\shaders\objects\object_gbuffer.frag">
      <Filter>Resource Files\objects</Filter>
    </None>
    <None Include="resources\shaders\objects\object_gbuffer.vert">
      <Filter>Resource Files\objects</Filter>
    </None>
    <None Include="resources\shaders\screens\box-blur\boxblur_float.frag">
      <Filter>Resource Files\screens\box-blur</Filter>
    </None>
    <None Include="resources\shaders\screens\box-blur\boxblur_vec2.frag">
      <Filter>Resource Files\screens\box-blur</Filter>
    </None>
    <None Include="resources\shaders\screens\box-blur\boxblur_vec3.frag">
      <Filter>Resource Files\screens\box-blur</Filter>
    </None>
    <None Include="resources\shaders\screens\blur-combine\blur-combine-3.frag">
      <Filter>Resource Files\screens\blur-combine</Filter>
    </None>
    <None Include="resources\shaders\screens\blur-combine\blur-combine-4.frag">
      <Filter>Resource Files\screens\blur-combine</Filter>
    </None>
    <None Include="resources\shaders\screens\blur-combine\blur-combine-5.frag">
      <Filter>Resource Files\screens\blur-combine</Filter>
    </None>
    <None Include="resources\shaders\screens\blur-combine\blur-combine-6.frag">
      <Filter>Resource Files\screens\blur-combine</Filter>
    </None>
    <None Include="resources\shaders\screens\blur-combine\blur-combine-2.frag">
      <Filter>Resource Files\screens\blur-combine</Filter>
    </None>
    <None Include="resources\shaders\utils\brdf_sampler.frag">
      <Filter>Resource Files\utils</Filter>
    </None>
    <None Include="resources\shaders\utils\cubemap_convo.frag">
      <Filter>Resource Files\utils</Filter>
    </None>
    <None Include="resources\shaders\objects\object_basic.vert">
      <Filter>Resource Files\objects</Filter>
    </None>
  </ItemGroup>
</Project>